
Microsoft Visual Studio Solution File, Format Version 12.00
# Visual Studio Version 17
VisualStudioVersion = 17.1.32210.238
MinimumVisualStudioVersion = 10.0.40219.1
Project("{FAE04EC0-301F-11D3-BF4B-00C04F79EFBC}") = "GitRepoManager", "GitRepoManager\GitRepoManager.csproj", "{5949DA33-7B91-4BEC-A2E8-33D364077218}"
EndProject
Global
	GlobalSection(SolutionConfigurationPlatforms) = preSolution
		Debug|Any CPU = Debug|Any CPU
		Release|Any CPU = Release|Any CPU
	EndGlobalSection
	GlobalSection(ProjectConfigurationPlatforms) = postSolution
		{5949DA33-7B91-4BEC-A2E8-33D364077218}.Debug|Any CPU.ActiveCfg = Debug|Any CPU
		{5949DA33-7B91-4BEC-A2E8-33D364077218}.Debug|Any CPU.Build.0 = Debug|Any CPU
		{5949DA33-7B91-4BEC-A2E8-33D364077218}.Release|Any CPU.ActiveCfg = Release|Any CPU
		{5949DA33-7B91-4BEC-A2E8-33D364077218}.Release|Any CPU.Build.0 = Release|Any CPU
	EndGlobalSection
	GlobalSection(SolutionProperties) = preSolution
		HideSolutionNode = FALSE
	EndGlobalSection
	GlobalSection(ExtensibilityGlobals) = postSolution
		SolutionGuid = {F5740848-C4AC-4C6A-852D-E02DA68FF0BF}
	EndGlobalSection
EndGlobal
